# THIS IS AN AUTOGENERATED FILE. DO NOT EDIT THIS FILE DIRECTLY.
# yarn lockfile v1


mixpanel-browser@^2.42.0:
  version "2.42.0"
  resolved "https://registry.yarnpkg.com/mixpanel-browser/-/mixpanel-browser-2.42.0.tgz#85c056577875f6624358bf0d7dcd13678c8277db"
  integrity sha512-9IC/+BYVIG3PfLn1ubkLsQdXc5dKot3sIXHf56GqssyLCOPPwlZfwhZqg1t8HC/sxGqLCL/HON3YbR7oiXMbeg==
